
Microsoft Visual Studio Solution File, Format Version 12.00
# Visual Studio Version 16
VisualStudioVersion = 16.0.30225.117
MinimumVisualStudioVersion = 10.0.40219.1
Project("{9A19103F-16F7-4668-BE54-9A1E7A4F7556}") = "SocketServer", "SocketServer\SocketServer.csproj", "{46DFBF59-A0E2-4CCA-994A-5AD764AA3903}"
EndProject
Project("{9A19103F-16F7-4668-BE54-9A1E7A4F7556}") = "Client", "Client\Client.csproj", "{B97AA711-35F8-4DB9-BCF0-3BF5E27BEE57}"
EndProject
Project("{FAE04EC0-301F-11D3-BF4B-00C04F79EFBC}") = "Common", "Common\Common.csproj", "{F8060D8D-D1AB-4901-85EB-2FC66AB6510E}"
EndProject
Global
	GlobalSection(SolutionConfigurationPlatforms) = preSolution
		Debug|Any CPU = Debug|Any CPU
		Release|Any CPU = Release|Any CPU
	EndGlobalSection
	GlobalSection(ProjectConfigurationPlatforms) = postSolution
		{46DFBF59-A0E2-4CCA-994A-5AD764AA3903}.Debug|Any CPU.ActiveCfg = Debug|Any CPU
		{46DFBF59-A0E2-4CCA-994A-5AD764AA3903}.Debug|Any CPU.Build.0 = Debug|Any CPU
		{46DFBF59-A0E2-4CCA-994A-5AD764AA3903}.Release|Any CPU.ActiveCfg = Release|Any CPU
		{46DFBF59-A0E2-4CCA-994A-5AD764AA3903}.Release|Any CPU.Build.0 = Release|Any CPU
		{B97AA711-35F8-4DB9-BCF0-3BF5E27BEE57}.Debug|Any CPU.ActiveCfg = Debug|Any CPU
		{B97AA711-35F8-4DB9-BCF0-3BF5E27BEE57}.Debug|Any CPU.Build.0 = Debug|Any CPU
		{B97AA711-35F8-4DB9-BCF0-3BF5E27BEE57}.Release|Any CPU.ActiveCfg = Release|Any CPU
		{B97AA711-35F8-4DB9-BCF0-3BF5E27BEE57}.Release|Any CPU.Build.0 = Release|Any CPU
		{F8060D8D-D1AB-4901-85EB-2FC66AB6510E}.Debug|Any CPU.ActiveCfg = Debug|Any CPU
		{F8060D8D-D1AB-4901-85EB-2FC66AB6510E}.Debug|Any CPU.Build.0 = Debug|Any CPU
		{F8060D8D-D1AB-4901-85EB-2FC66AB6510E}.Release|Any CPU.ActiveCfg = Release|Any CPU
		{F8060D8D-D1AB-4901-85EB-2FC66AB6510E}.Release|Any CPU.Build.0 = Release|Any CPU
	EndGlobalSection
	GlobalSection(SolutionProperties) = preSolution
		HideSolutionNode = FALSE
	EndGlobalSection
	GlobalSection(ExtensibilityGlobals) = postSolution
		SolutionGuid = {0934386F-FE4F-4C60-B901-BA9A46EF9279}
	EndGlobalSection
EndGlobal
